
Microsoft Visual Studio Solution File, Format Version 12.00
# Visual Studio Version 17
VisualStudioVersion = 17.0.32014.148
MinimumVisualStudioVersion = 10.0.40219.1
Project("{9A19103F-16F7-4668-BE54-9A1E7A4F7556}") = "DalFaced", "DalFaced\DalFaced.csproj", "{4482D9C9-98F0-474C-B8BD-8CDAC8E93B9F}"
EndProject
Project("{9A19103F-16F7-4668-BE54-9A1E7A4F7556}") = "DalList", "DalList\DalList.csproj", "{66A58493-A0CB-4574-B6E6-9F8189A47E9F}"
EndProject
Project("{9A19103F-16F7-4668-BE54-9A1E7A4F7556}") = "DalTest", "DalTest\DalTest.csproj", "{ED4D6A8A-0CBA-46DB-9A17-FC4F423CC5E8}"
EndProject
Project("{9A19103F-16F7-4668-BE54-9A1E7A4F7556}") = "BL", "BL\BL.csproj", "{04E4BE8A-C671-45BB-9F0D-2FD21477EAAC}"
	ProjectSection(ProjectDependencies) = postProject
		{4482D9C9-98F0-474C-B8BD-8CDAC8E93B9F} = {4482D9C9-98F0-474C-B8BD-8CDAC8E93B9F}
		{66A58493-A0CB-4574-B6E6-9F8189A47E9F} = {66A58493-A0CB-4574-B6E6-9F8189A47E9F}
	EndProjectSection
EndProject
Project("{9A19103F-16F7-4668-BE54-9A1E7A4F7556}") = "BlTest", "BlTest\BlTest.csproj", "{BF6C40B7-EB20-453F-8BCC-E7EE71E6A907}"
EndProject
Project("{9A19103F-16F7-4668-BE54-9A1E7A4F7556}") = "PL", "PL\PL.csproj", "{3E13F097-4704-4BB2-BDBA-D4878A15CFF1}"
	ProjectSection(ProjectDependencies) = postProject
		{F8E5EC27-771D-4B54-BA1E-64C00451765F} = {F8E5EC27-771D-4B54-BA1E-64C00451765F}
	EndProjectSection
EndProject
Project("{9A19103F-16F7-4668-BE54-9A1E7A4F7556}") = "DalXml", "DalXml\DalXml.csproj", "{44090712-D146-44E0-9B6D-5C7CAB497863}"
EndProject
Project("{2150E333-8FDC-42A3-9474-1A3956D46DE8}") = "Xml", "Xml", "{1F4DB85F-849D-4601-ABEF-6805F1B71705}"
	ProjectSection(SolutionItems) = preProject
		xml\Config.xml = xml\Config.xml
		xml\dal-config.xml = xml\dal-config.xml
		xml\Order.xml = xml\Order.xml
		xml\OrderItem.xml = xml\OrderItem.xml
		xml\Product.xml = xml\Product.xml
	EndProjectSection
EndProject
Project("{9A19103F-16F7-4668-BE54-9A1E7A4F7556}") = "Simulator", "Simulator\Simulator.csproj", "{F8E5EC27-771D-4B54-BA1E-64C00451765F}"
EndProject
Global
	GlobalSection(SolutionConfigurationPlatforms) = preSolution
		Debug|Any CPU = Debug|Any CPU
		Release|Any CPU = Release|Any CPU
	EndGlobalSection
	GlobalSection(ProjectConfigurationPlatforms) = postSolution
		{4482D9C9-98F0-474C-B8BD-8CDAC8E93B9F}.Debug|Any CPU.ActiveCfg = Debug|Any CPU
		{4482D9C9-98F0-474C-B8BD-8CDAC8E93B9F}.Debug|Any CPU.Build.0 = Debug|Any CPU
		{4482D9C9-98F0-474C-B8BD-8CDAC8E93B9F}.Release|Any CPU.ActiveCfg = Release|Any CPU
		{4482D9C9-98F0-474C-B8BD-8CDAC8E93B9F}.Release|Any CPU.Build.0 = Release|Any CPU
		{66A58493-A0CB-4574-B6E6-9F8189A47E9F}.Debug|Any CPU.ActiveCfg = Debug|Any CPU
		{66A58493-A0CB-4574-B6E6-9F8189A47E9F}.Debug|Any CPU.Build.0 = Debug|Any CPU
		{66A58493-A0CB-4574-B6E6-9F8189A47E9F}.Release|Any CPU.ActiveCfg = Release|Any CPU
		{66A58493-A0CB-4574-B6E6-9F8189A47E9F}.Release|Any CPU.Build.0 = Release|Any CPU
		{ED4D6A8A-0CBA-46DB-9A17-FC4F423CC5E8}.Debug|Any CPU.ActiveCfg = Debug|Any CPU
		{ED4D6A8A-0CBA-46DB-9A17-FC4F423CC5E8}.Debug|Any CPU.Build.0 = Debug|Any CPU
		{ED4D6A8A-0CBA-46DB-9A17-FC4F423CC5E8}.Release|Any CPU.ActiveCfg = Release|Any CPU
		{ED4D6A8A-0CBA-46DB-9A17-FC4F423CC5E8}.Release|Any CPU.Build.0 = Release|Any CPU
		{04E4BE8A-C671-45BB-9F0D-2FD21477EAAC}.Debug|Any CPU.ActiveCfg = Debug|Any CPU
		{04E4BE8A-C671-45BB-9F0D-2FD21477EAAC}.Debug|Any CPU.Build.0 = Debug|Any CPU
		{04E4BE8A-C671-45BB-9F0D-2FD21477EAAC}.Release|Any CPU.ActiveCfg = Release|Any CPU
		{04E4BE8A-C671-45BB-9F0D-2FD21477EAAC}.Release|Any CPU.Build.0 = Release|Any CPU
		{BF6C40B7-EB20-453F-8BCC-E7EE71E6A907}.Debug|Any CPU.ActiveCfg = Debug|Any CPU
		{BF6C40B7-EB20-453F-8BCC-E7EE71E6A907}.Debug|Any CPU.Build.0 = Debug|Any CPU
		{BF6C40B7-EB20-453F-8BCC-E7EE71E6A907}.Release|Any CPU.ActiveCfg = Release|Any CPU
		{BF6C40B7-EB20-453F-8BCC-E7EE71E6A907}.Release|Any CPU.Build.0 = Release|Any CPU
		{3E13F097-4704-4BB2-BDBA-D4878A15CFF1}.Debug|Any CPU.ActiveCfg = Debug|Any CPU
		{3E13F097-4704-4BB2-BDBA-D4878A15CFF1}.Debug|Any CPU.Build.0 = Debug|Any CPU
		{3E13F097-4704-4BB2-BDBA-D4878A15CFF1}.Release|Any CPU.ActiveCfg = Release|Any CPU
		{3E13F097-4704-4BB2-BDBA-D4878A15CFF1}.Release|Any CPU.Build.0 = Release|Any CPU
		{44090712-D146-44E0-9B6D-5C7CAB497863}.Debug|Any CPU.ActiveCfg = Debug|Any CPU
		{44090712-D146-44E0-9B6D-5C7CAB497863}.Debug|Any CPU.Build.0 = Debug|Any CPU
		{44090712-D146-44E0-9B6D-5C7CAB497863}.Release|Any CPU.ActiveCfg = Release|Any CPU
		{44090712-D146-44E0-9B6D-5C7CAB497863}.Release|Any CPU.Build.0 = Release|Any CPU
		{F8E5EC27-771D-4B54-BA1E-64C00451765F}.Debug|Any CPU.ActiveCfg = Debug|Any CPU
		{F8E5EC27-771D-4B54-BA1E-64C00451765F}.Debug|Any CPU.Build.0 = Debug|Any CPU
		{F8E5EC27-771D-4B54-BA1E-64C00451765F}.Release|Any CPU.ActiveCfg = Release|Any CPU
		{F8E5EC27-771D-4B54-BA1E-64C00451765F}.Release|Any CPU.Build.0 = Release|Any CPU
	EndGlobalSection
	GlobalSection(SolutionProperties) = preSolution
		HideSolutionNode = FALSE
	EndGlobalSection
	GlobalSection(ExtensibilityGlobals) = postSolution
		SolutionGuid = {A17893C0-4797-4197-B733-CFA63E20363F}
	EndGlobalSection
EndGlobal
